PODS:
  - ALCameraViewController (3.0.2)
  - Crashlytics (3.9.3):
    - Fabric (~> 1.7.2)
  - Fabric (1.7.2)
  - Masonry (1.1.0)
  - Mixpanel (3.2.3)
  - SnapKit (4.0.0)

DEPENDENCIES:
  - ALCameraViewController (from `https://github.com/cyclic/ALCameraViewController`, branch `develop`)
  - Crashlytics
  - Fabric
  - Masonry
  - Mixpanel
  - SnapKit

EXTERNAL SOURCES:
  ALCameraViewController:
    :branch: develop
    :git: https://github.com/cyclic/ALCameraViewController

CHECKOUT OPTIONS:
  ALCameraViewController:
    :commit: a7d447254cdb1cd2027633beab9957a56007fb7f
    :git: https://github.com/cyclic/ALCameraViewController

SPEC CHECKSUMS:
  ALCameraViewController: 6649b688371768b4e177596931f8f35e980465f7
  Crashlytics: dbb07d01876c171c5ccbdf7826410380189e452c
  Fabric: 9cd6a848efcf1b8b07497e0b6a2e7d336353ba15
  Masonry: 678fab65091a9290e40e2832a55e7ab731aad201
  Mixpanel: 7bd8e176f088936bf6e283ade0d1f512f8e723bc
  SnapKit: a42d492c16e80209130a3379f73596c3454b7694

PODFILE CHECKSUM: 5e3629285b33ddc1994bd127ab0489407323472a

COCOAPODS: 1.3.1
