PODS:
  - ALCameraViewController (1.13.0)
  - Crashlytics (3.9.3):
    - Fabric (~> 1.7.2)
  - Fabric (1.7.2)
  - Masonry (1.1.0)
  - Mixpanel (3.2.3)
  - SnapKit (4.0.0)

DEPENDENCIES:
  - ALCameraViewController (from `https://github.com/Cyclic/ALCameraViewController`, branch `develop`)
  - Crashlytics
  - Fabric
  - Masonry
  - Mixpanel
  - SnapKit

EXTERNAL SOURCES:
  ALCameraViewController:
    :branch: develop
    :git: https://github.com/Cyclic/ALCameraViewController

CHECKOUT OPTIONS:
  ALCameraViewController:
    :commit: 15b6001c800023fddeda90ac41122e7d4bfeed4e
    :git: https://github.com/Cyclic/ALCameraViewController

SPEC CHECKSUMS:
  ALCameraViewController: 8fd2a73d407008ae030630ab95fdb92a90f95e6b
  Crashlytics: dbb07d01876c171c5ccbdf7826410380189e452c
  Fabric: 9cd6a848efcf1b8b07497e0b6a2e7d336353ba15
  Masonry: 678fab65091a9290e40e2832a55e7ab731aad201
  Mixpanel: 7bd8e176f088936bf6e283ade0d1f512f8e723bc
  SnapKit: a42d492c16e80209130a3379f73596c3454b7694

PODFILE CHECKSUM: fefc4a0fa590c7e54dcece668918f300095e7301

COCOAPODS: 1.3.1
