// !$*UTF8*$!
{
	archiveVersion = 1;
	classes = {
	};
	objectVersion = 46;
	objects = {

/* Begin PBXBuildFile section */
		C40665441C73A47C00EB9751 /* SingleImageSaver.swift in Sources */ = {isa = PBXBuildFile; fileRef = C40665431C73A47C00EB9751 /* SingleImageSaver.swift */; };
		C40665461C73A94100EB9751 /* CameraGlobals.swift in Sources */ = {isa = PBXBuildFile; fileRef = C40665451C73A94100EB9751 /* CameraGlobals.swift */; };
		C40665481C73B72D00EB9751 /* SingleImageFetcher.swift in Sources */ = {isa = PBXBuildFile; fileRef = C40665471C73B72D00EB9751 /* SingleImageFetcher.swift */; };
		C41E42B51BEC6F680028B993 /* ImageExtensions.swift in Sources */ = {isa = PBXBuildFile; fileRef = C41E42B41BEC6F680028B993 /* ImageExtensions.swift */; };
		C41E42B71BEC98520028B993 /* ConfirmViewController.xib in Resources */ = {isa = PBXBuildFile; fileRef = C41E42B61BEC98520028B993 /* ConfirmViewController.xib */; };
		FA52EE0B1B44129B00E16B6F /* ViewController.xib in Resources */ = {isa = PBXBuildFile; fileRef = FA52EE0A1B44129B00E16B6F /* ViewController.xib */; };
		FA5FA3431B3AFA2B00497C62 /* PermissionsView.swift in Sources */ = {isa = PBXBuildFile; fileRef = FA5FA3421B3AFA2B00497C62 /* PermissionsView.swift */; };
		FA5FA3451B3AFEB300497C62 /* ALCameraViewAssets.xcassets in Resources */ = {isa = PBXBuildFile; fileRef = FA5FA3441B3AFEB300497C62 /* ALCameraViewAssets.xcassets */; };
		FA778A411B8319D8005807E7 /* image.jpg in Resources */ = {isa = PBXBuildFile; fileRef = FA778A401B8319D8005807E7 /* image.jpg */; };
		FA787F1C1B4326F100B6B86E /* CropOverlay.swift in Sources */ = {isa = PBXBuildFile; fileRef = FA787F1B1B4326F100B6B86E /* CropOverlay.swift */; };
		FA7E6B9B1B429012000E1B14 /* ConfirmViewController.swift in Sources */ = {isa = PBXBuildFile; fileRef = FA7E6B9A1B429012000E1B14 /* ConfirmViewController.swift */; };
		FA8231381B3BF8F700A837BE /* CameraView.strings in Resources */ = {isa = PBXBuildFile; fileRef = FA8231371B3BF8F700A837BE /* CameraView.strings */; };
		FA82313A1B3C296C00A837BE /* Utilities.swift in Sources */ = {isa = PBXBuildFile; fileRef = FA8231391B3C296C00A837BE /* Utilities.swift */; };
		FAB50BFB1B413E8C009905B9 /* ImageCell.swift in Sources */ = {isa = PBXBuildFile; fileRef = FAB50BEE1B413E8C009905B9 /* ImageCell.swift */; };
		FAB50BFC1B413E8C009905B9 /* ImageFetcher.swift in Sources */ = {isa = PBXBuildFile; fileRef = FAB50BF01B413E8C009905B9 /* ImageFetcher.swift */; };
		FAB50C001B413E8C009905B9 /* PhotoLibraryViewController.swift in Sources */ = {isa = PBXBuildFile; fileRef = FAB50BF91B413E8C009905B9 /* PhotoLibraryViewController.swift */; };
		FAF058451B31618D008E5592 /* AppDelegate.swift in Sources */ = {isa = PBXBuildFile; fileRef = FAF058441B31618D008E5592 /* AppDelegate.swift */; };
		FAF058471B31618D008E5592 /* ViewController.swift in Sources */ = {isa = PBXBuildFile; fileRef = FAF058461B31618D008E5592 /* ViewController.swift */; };
		FAF0584C1B31618D008E5592 /* Images.xcassets in Resources */ = {isa = PBXBuildFile; fileRef = FAF0584B1B31618D008E5592 /* Images.xcassets */; };
		FAF0585B1B31618D008E5592 /* ALCameraViewControllerTests.swift in Sources */ = {isa = PBXBuildFile; fileRef = FAF0585A1B31618D008E5592 /* ALCameraViewControllerTests.swift */; };
		FAF058661B316695008E5592 /* ALCameraViewController.swift in Sources */ = {isa = PBXBuildFile; fileRef = FAF058651B316695008E5592 /* ALCameraViewController.swift */; };
		FAF058681B3175C5008E5592 /* CameraView.swift in Sources */ = {isa = PBXBuildFile; fileRef = FAF058671B3175C5008E5592 /* CameraView.swift */; };
		FAF0586A1B317894008E5592 /* CameraShot.swift in Sources */ = {isa = PBXBuildFile; fileRef = FAF058691B317894008E5592 /* CameraShot.swift */; };
/* End PBXBuildFile section */

/* Begin PBXContainerItemProxy section */
		FAF058551B31618D008E5592 /* PBXContainerItemProxy */ = {
			isa = PBXContainerItemProxy;
			containerPortal = FAF058371B31618D008E5592 /* Project object */;
			proxyType = 1;
			remoteGlobalIDString = FAF0583E1B31618D008E5592;
			remoteInfo = ALCameraViewController;
		};
/* End PBXContainerItemProxy section */

/* Begin PBXFileReference section */
		C40665431C73A47C00EB9751 /* SingleImageSaver.swift */ = {isa = PBXFileReference; fileEncoding = 4; lastKnownFileType = sourcecode.swift; path = SingleImageSaver.swift; sourceTree = "<group>"; };
		C40665451C73A94100EB9751 /* CameraGlobals.swift */ = {isa = PBXFileReference; fileEncoding = 4; lastKnownFileType = sourcecode.swift; path = CameraGlobals.swift; sourceTree = "<group>"; };
		C40665471C73B72D00EB9751 /* SingleImageFetcher.swift */ = {isa = PBXFileReference; fileEncoding = 4; lastKnownFileType = sourcecode.swift; path = SingleImageFetcher.swift; sourceTree = "<group>"; };
		C41E42B41BEC6F680028B993 /* ImageExtensions.swift */ = {isa = PBXFileReference; fileEncoding = 4; lastKnownFileType = sourcecode.swift; path = ImageExtensions.swift; sourceTree = "<group>"; };
		C41E42B61BEC98520028B993 /* ConfirmViewController.xib */ = {isa = PBXFileReference; fileEncoding = 4; lastKnownFileType = file.xib; path = ConfirmViewController.xib; sourceTree = "<group>"; };
		FA52EE0A1B44129B00E16B6F /* ViewController.xib */ = {isa = PBXFileReference; fileEncoding = 4; lastKnownFileType = file.xib; path = ViewController.xib; sourceTree = "<group>"; };
		FA5FA3421B3AFA2B00497C62 /* PermissionsView.swift */ = {isa = PBXFileReference; fileEncoding = 4; lastKnownFileType = sourcecode.swift; path = PermissionsView.swift; sourceTree = "<group>"; };
		FA5FA3441B3AFEB300497C62 /* ALCameraViewAssets.xcassets */ = {isa = PBXFileReference; lastKnownFileType = folder.assetcatalog; path = ALCameraViewAssets.xcassets; sourceTree = "<group>"; };
		FA778A401B8319D8005807E7 /* image.jpg */ = {isa = PBXFileReference; lastKnownFileType = image.jpeg; path = image.jpg; sourceTree = "<group>"; };
		FA787F1B1B4326F100B6B86E /* CropOverlay.swift */ = {isa = PBXFileReference; fileEncoding = 4; lastKnownFileType = sourcecode.swift; path = CropOverlay.swift; sourceTree = "<group>"; };
		FA7E6B9A1B429012000E1B14 /* ConfirmViewController.swift */ = {isa = PBXFileReference; fileEncoding = 4; lastKnownFileType = sourcecode.swift; path = ConfirmViewController.swift; sourceTree = "<group>"; };
		FA8231371B3BF8F700A837BE /* CameraView.strings */ = {isa = PBXFileReference; fileEncoding = 4; lastKnownFileType = text.plist.strings; path = CameraView.strings; sourceTree = "<group>"; };
		FA8231391B3C296C00A837BE /* Utilities.swift */ = {isa = PBXFileReference; fileEncoding = 4; lastKnownFileType = sourcecode.swift; path = Utilities.swift; sourceTree = "<group>"; };
		FAB50BEE1B413E8C009905B9 /* ImageCell.swift */ = {isa = PBXFileReference; fileEncoding = 4; lastKnownFileType = sourcecode.swift; path = ImageCell.swift; sourceTree = "<group>"; };
		FAB50BF01B413E8C009905B9 /* ImageFetcher.swift */ = {isa = PBXFileReference; fileEncoding = 4; lastKnownFileType = sourcecode.swift; path = ImageFetcher.swift; sourceTree = "<group>"; };
		FAB50BF91B413E8C009905B9 /* PhotoLibraryViewController.swift */ = {isa = PBXFileReference; fileEncoding = 4; lastKnownFileType = sourcecode.swift; path = PhotoLibraryViewController.swift; sourceTree = "<group>"; };
		FAF0583F1B31618D008E5592 /* ALCameraViewController.app */ = {isa = PBXFileReference; explicitFileType = wrapper.application; includeInIndex = 0; path = ALCameraViewController.app; sourceTree = BUILT_PRODUCTS_DIR; };
		FAF058431B31618D008E5592 /* Info.plist */ = {isa = PBXFileReference; lastKnownFileType = text.plist.xml; path = Info.plist; sourceTree = "<group>"; };
		FAF058441B31618D008E5592 /* AppDelegate.swift */ = {isa = PBXFileReference; lastKnownFileType = sourcecode.swift; path = AppDelegate.swift; sourceTree = "<group>"; };
		FAF058461B31618D008E5592 /* ViewController.swift */ = {isa = PBXFileReference; lastKnownFileType = sourcecode.swift; path = ViewController.swift; sourceTree = "<group>"; };
		FAF0584B1B31618D008E5592 /* Images.xcassets */ = {isa = PBXFileReference; lastKnownFileType = folder.assetcatalog; path = Images.xcassets; sourceTree = "<group>"; };
		FAF058541B31618D008E5592 /* ALCameraViewControllerTests.xctest */ = {isa = PBXFileReference; explicitFileType = wrapper.cfbundle; includeInIndex = 0; path = ALCameraViewControllerTests.xctest; sourceTree = BUILT_PRODUCTS_DIR; };
		FAF058591B31618D008E5592 /* Info.plist */ = {isa = PBXFileReference; lastKnownFileType = text.plist.xml; path = Info.plist; sourceTree = "<group>"; };
		FAF0585A1B31618D008E5592 /* ALCameraViewControllerTests.swift */ = {isa = PBXFileReference; lastKnownFileType = sourcecode.swift; path = ALCameraViewControllerTests.swift; sourceTree = "<group>"; };
		FAF058651B316695008E5592 /* ALCameraViewController.swift */ = {isa = PBXFileReference; fileEncoding = 4; lastKnownFileType = sourcecode.swift; path = ALCameraViewController.swift; sourceTree = "<group>"; };
		FAF058671B3175C5008E5592 /* CameraView.swift */ = {isa = PBXFileReference; fileEncoding = 4; lastKnownFileType = sourcecode.swift; path = CameraView.swift; sourceTree = "<group>"; };
		FAF058691B317894008E5592 /* CameraShot.swift */ = {isa = PBXFileReference; fileEncoding = 4; lastKnownFileType = sourcecode.swift; path = CameraShot.swift; sourceTree = "<group>"; };
/* End PBXFileReference section */

/* Begin PBXFrameworksBuildPhase section */
		FAF0583C1B31618D008E5592 /* Frameworks */ = {
			isa = PBXFrameworksBuildPhase;
			buildActionMask = 2147483647;
			files = (
			);
			runOnlyForDeploymentPostprocessing = 0;
		};
		FAF058511B31618D008E5592 /* Frameworks */ = {
			isa = PBXFrameworksBuildPhase;
			buildActionMask = 2147483647;
			files = (
			);
			runOnlyForDeploymentPostprocessing = 0;
		};
/* End PBXFrameworksBuildPhase section */

/* Begin PBXGroup section */
		FAB50BEA1B413E41009905B9 /* ViewController */ = {
			isa = PBXGroup;
			children = (
				FAB50BF91B413E8C009905B9 /* PhotoLibraryViewController.swift */,
				FAF058651B316695008E5592 /* ALCameraViewController.swift */,
				FA7E6B9A1B429012000E1B14 /* ConfirmViewController.swift */,
				C41E42B61BEC98520028B993 /* ConfirmViewController.xib */,
			);
			path = ViewController;
			sourceTree = "<group>";
		};
		FAB50BEB1B413E4E009905B9 /* Views */ = {
			isa = PBXGroup;
			children = (
				FAB50BEE1B413E8C009905B9 /* ImageCell.swift */,
				FA5FA3421B3AFA2B00497C62 /* PermissionsView.swift */,
				FAF058671B3175C5008E5592 /* CameraView.swift */,
				FA787F1B1B4326F100B6B86E /* CropOverlay.swift */,
			);
			path = Views;
			sourceTree = "<group>";
		};
		FAB50C021B4140AB009905B9 /* Utilities */ = {
			isa = PBXGroup;
			children = (
				FAB50BF01B413E8C009905B9 /* ImageFetcher.swift */,
				C40665431C73A47C00EB9751 /* SingleImageSaver.swift */,
				C40665471C73B72D00EB9751 /* SingleImageFetcher.swift */,
				FA8231391B3C296C00A837BE /* Utilities.swift */,
				FAF058691B317894008E5592 /* CameraShot.swift */,
				C41E42B41BEC6F680028B993 /* ImageExtensions.swift */,
				C40665451C73A94100EB9751 /* CameraGlobals.swift */,
			);
			path = Utilities;
			sourceTree = "<group>";
		};
		FAF058361B31618D008E5592 = {
			isa = PBXGroup;
			children = (
				FAF058641B316628008E5592 /* Example */,
				FAF058411B31618D008E5592 /* ALCameraViewController */,
				FAF058571B31618D008E5592 /* ALCameraViewControllerTests */,
				FAF058401B31618D008E5592 /* Products */,
			);
			sourceTree = "<group>";
		};
		FAF058401B31618D008E5592 /* Products */ = {
			isa = PBXGroup;
			children = (
				FAF0583F1B31618D008E5592 /* ALCameraViewController.app */,
				FAF058541B31618D008E5592 /* ALCameraViewControllerTests.xctest */,
			);
			name = Products;
			sourceTree = "<group>";
		};
		FAF058411B31618D008E5592 /* ALCameraViewController */ = {
			isa = PBXGroup;
			children = (
				FAB50C021B4140AB009905B9 /* Utilities */,
				FAB50BEA1B413E41009905B9 /* ViewController */,
				FAB50BEB1B413E4E009905B9 /* Views */,
				FA8231371B3BF8F700A837BE /* CameraView.strings */,
				FA5FA3441B3AFEB300497C62 /* ALCameraViewAssets.xcassets */,
			);
			path = ALCameraViewController;
			sourceTree = "<group>";
		};
		FAF058421B31618D008E5592 /* Supporting Files */ = {
			isa = PBXGroup;
			children = (
				FAF0584B1B31618D008E5592 /* Images.xcassets */,
				FAF058431B31618D008E5592 /* Info.plist */,
			);
			path = "Supporting Files";
			sourceTree = "<group>";
		};
		FAF058571B31618D008E5592 /* ALCameraViewControllerTests */ = {
			isa = PBXGroup;
			children = (
				FAF0585A1B31618D008E5592 /* ALCameraViewControllerTests.swift */,
				FAF058581B31618D008E5592 /* Supporting Files */,
			);
			path = ALCameraViewControllerTests;
			sourceTree = "<group>";
		};
		FAF058581B31618D008E5592 /* Supporting Files */ = {
			isa = PBXGroup;
			children = (
				FAF058591B31618D008E5592 /* Info.plist */,
			);
			path = "Supporting Files";
			sourceTree = "<group>";
		};
		FAF058641B316628008E5592 /* Example */ = {
			isa = PBXGroup;
			children = (
				FA778A401B8319D8005807E7 /* image.jpg */,
				FAF058441B31618D008E5592 /* AppDelegate.swift */,
				FAF058461B31618D008E5592 /* ViewController.swift */,
				FA52EE0A1B44129B00E16B6F /* ViewController.xib */,
				FAF058421B31618D008E5592 /* Supporting Files */,
			);
			path = Example;
			sourceTree = "<group>";
		};
/* End PBXGroup section */

/* Begin PBXNativeTarget section */
		FAF0583E1B31618D008E5592 /* ALCameraViewController */ = {
			isa = PBXNativeTarget;
			buildConfigurationList = FAF0585E1B31618D008E5592 /* Build configuration list for PBXNativeTarget "ALCameraViewController" */;
			buildPhases = (
				FAF0583B1B31618D008E5592 /* Sources */,
				FAF0583C1B31618D008E5592 /* Frameworks */,
				FAF0583D1B31618D008E5592 /* Resources */,
			);
			buildRules = (
			);
			dependencies = (
			);
			name = ALCameraViewController;
			productName = ALCameraViewController;
			productReference = FAF0583F1B31618D008E5592 /* ALCameraViewController.app */;
			productType = "com.apple.product-type.application";
		};
		FAF058531B31618D008E5592 /* ALCameraViewControllerTests */ = {
			isa = PBXNativeTarget;
			buildConfigurationList = FAF058611B31618D008E5592 /* Build configuration list for PBXNativeTarget "ALCameraViewControllerTests" */;
			buildPhases = (
				FAF058501B31618D008E5592 /* Sources */,
				FAF058511B31618D008E5592 /* Frameworks */,
				FAF058521B31618D008E5592 /* Resources */,
			);
			buildRules = (
			);
			dependencies = (
				FAF058561B31618D008E5592 /* PBXTargetDependency */,
			);
			name = ALCameraViewControllerTests;
			productName = ALCameraViewControllerTests;
			productReference = FAF058541B31618D008E5592 /* ALCameraViewControllerTests.xctest */;
			productType = "com.apple.product-type.bundle.unit-test";
		};
/* End PBXNativeTarget section */

/* Begin PBXProject section */
		FAF058371B31618D008E5592 /* Project object */ = {
			isa = PBXProject;
			attributes = {
				LastSwiftMigration = 0700;
				LastSwiftUpdateCheck = 0700;
				LastUpgradeCheck = 0700;
				ORGANIZATIONNAME = zero;
				TargetAttributes = {
					FAF0583E1B31618D008E5592 = {
						CreatedOnToolsVersion = 6.3.2;
					};
					FAF058531B31618D008E5592 = {
						CreatedOnToolsVersion = 6.3.2;
						TestTargetID = FAF0583E1B31618D008E5592;
					};
				};
			};
			buildConfigurationList = FAF0583A1B31618D008E5592 /* Build configuration list for PBXProject "ALCameraViewController" */;
			compatibilityVersion = "Xcode 3.2";
			developmentRegion = English;
			hasScannedForEncodings = 0;
			knownRegions = (
				en,
				Base,
			);
			mainGroup = FAF058361B31618D008E5592;
			productRefGroup = FAF058401B31618D008E5592 /* Products */;
			projectDirPath = "";
			projectRoot = "";
			targets = (
				FAF0583E1B31618D008E5592 /* ALCameraViewController */,
				FAF058531B31618D008E5592 /* ALCameraViewControllerTests */,
			);
		};
/* End PBXProject section */

/* Begin PBXResourcesBuildPhase section */
		FAF0583D1B31618D008E5592 /* Resources */ = {
			isa = PBXResourcesBuildPhase;
			buildActionMask = 2147483647;
			files = (
				FA52EE0B1B44129B00E16B6F /* ViewController.xib in Resources */,
				FA8231381B3BF8F700A837BE /* CameraView.strings in Resources */,
				C41E42B71BEC98520028B993 /* ConfirmViewController.xib in Resources */,
				FA5FA3451B3AFEB300497C62 /* ALCameraViewAssets.xcassets in Resources */,
				FAF0584C1B31618D008E5592 /* Images.xcassets in Resources */,
				FA778A411B8319D8005807E7 /* image.jpg in Resources */,
			);
			runOnlyForDeploymentPostprocessing = 0;
		};
		FAF058521B31618D008E5592 /* Resources */ = {
			isa = PBXResourcesBuildPhase;
			buildActionMask = 2147483647;
			files = (
			);
			runOnlyForDeploymentPostprocessing = 0;
		};
/* End PBXResourcesBuildPhase section */

/* Begin PBXSourcesBuildPhase section */
		FAF0583B1B31618D008E5592 /* Sources */ = {
			isa = PBXSourcesBuildPhase;
			buildActionMask = 2147483647;
			files = (
				FA7E6B9B1B429012000E1B14 /* ConfirmViewController.swift in Sources */,
				FA5FA3431B3AFA2B00497C62 /* PermissionsView.swift in Sources */,
				FAB50BFC1B413E8C009905B9 /* ImageFetcher.swift in Sources */,
				FA82313A1B3C296C00A837BE /* Utilities.swift in Sources */,
				FAB50C001B413E8C009905B9 /* PhotoLibraryViewController.swift in Sources */,
				FAF0586A1B317894008E5592 /* CameraShot.swift in Sources */,
				FAF058661B316695008E5592 /* ALCameraViewController.swift in Sources */,
				C41E42B51BEC6F680028B993 /* ImageExtensions.swift in Sources */,
				FAB50BFB1B413E8C009905B9 /* ImageCell.swift in Sources */,
				C40665481C73B72D00EB9751 /* SingleImageFetcher.swift in Sources */,
				FAF058471B31618D008E5592 /* ViewController.swift in Sources */,
				FAF058681B3175C5008E5592 /* CameraView.swift in Sources */,
				C40665461C73A94100EB9751 /* CameraGlobals.swift in Sources */,
				FAF058451B31618D008E5592 /* AppDelegate.swift in Sources */,
				C40665441C73A47C00EB9751 /* SingleImageSaver.swift in Sources */,
				FA787F1C1B4326F100B6B86E /* CropOverlay.swift in Sources */,
			);
			runOnlyForDeploymentPostprocessing = 0;
		};
		FAF058501B31618D008E5592 /* Sources */ = {
			isa = PBXSourcesBuildPhase;
			buildActionMask = 2147483647;
			files = (
				FAF0585B1B31618D008E5592 /* ALCameraViewControllerTests.swift in Sources */,
			);
			runOnlyForDeploymentPostprocessing = 0;
		};
/* End PBXSourcesBuildPhase section */

/* Begin PBXTargetDependency section */
		FAF058561B31618D008E5592 /* PBXTargetDependency */ = {
			isa = PBXTargetDependency;
			target = FAF0583E1B31618D008E5592 /* ALCameraViewController */;
			targetProxy = FAF058551B31618D008E5592 /* PBXContainerItemProxy */;
		};
/* End PBXTargetDependency section */

/* Begin XCBuildConfiguration section */
		FAF0585C1B31618D008E5592 /* Debug */ = {
			isa = XCBuildConfiguration;
			buildSettings = {
				ALWAYS_SEARCH_USER_PATHS = NO;
				CLANG_CXX_LANGUAGE_STANDARD = "gnu++0x";
				CLANG_CXX_LIBRARY = "libc++";
				CLANG_ENABLE_MODULES = YES;
				CLANG_ENABLE_OBJC_ARC = YES;
				CLANG_WARN_BOOL_CONVERSION = YES;
				CLANG_WARN_CONSTANT_CONVERSION = YES;
				CLANG_WARN_DIRECT_OBJC_ISA_USAGE = YES_ERROR;
				CLANG_WARN_EMPTY_BODY = YES;
				CLANG_WARN_ENUM_CONVERSION = YES;
				CLANG_WARN_INT_CONVERSION = YES;
				CLANG_WARN_OBJC_ROOT_CLASS = YES_ERROR;
				CLANG_WARN_UNREACHABLE_CODE = YES;
				CLANG_WARN__DUPLICATE_METHOD_MATCH = YES;
				"CODE_SIGN_IDENTITY[sdk=iphoneos*]" = "iPhone Developer";
				COPY_PHASE_STRIP = NO;
				DEBUG_INFORMATION_FORMAT = "dwarf-with-dsym";
				ENABLE_STRICT_OBJC_MSGSEND = YES;
				ENABLE_TESTABILITY = YES;
				GCC_C_LANGUAGE_STANDARD = gnu99;
				GCC_DYNAMIC_NO_PIC = NO;
				GCC_NO_COMMON_BLOCKS = YES;
				GCC_OPTIMIZATION_LEVEL = 0;
				GCC_PREPROCESSOR_DEFINITIONS = (
					"DEBUG=1",
					"$(inherited)",
				);
				GCC_SYMBOLS_PRIVATE_EXTERN = NO;
				GCC_WARN_64_TO_32_BIT_CONVERSION = YES;
				GCC_WARN_ABOUT_RETURN_TYPE = YES_ERROR;
				GCC_WARN_UNDECLARED_SELECTOR = YES;
				GCC_WARN_UNINITIALIZED_AUTOS = YES_AGGRESSIVE;
				GCC_WARN_UNUSED_FUNCTION = YES;
				GCC_WARN_UNUSED_VARIABLE = YES;
				IPHONEOS_DEPLOYMENT_TARGET = 8.3;
				MTL_ENABLE_DEBUG_INFO = YES;
				ONLY_ACTIVE_ARCH = YES;
				SDKROOT = iphoneos;
				SWIFT_OPTIMIZATION_LEVEL = "-Onone";
				TARGETED_DEVICE_FAMILY = "1,2";
			};
			name = Debug;
		};
		FAF0585D1B31618D008E5592 /* Release */ = {
			isa = XCBuildConfiguration;
			buildSettings = {
				ALWAYS_SEARCH_USER_PATHS = NO;
				CLANG_CXX_LANGUAGE_STANDARD = "gnu++0x";
				CLANG_CXX_LIBRARY = "libc++";
				CLANG_ENABLE_MODULES = YES;
				CLANG_ENABLE_OBJC_ARC = YES;
				CLANG_WARN_BOOL_CONVERSION = YES;
				CLANG_WARN_CONSTANT_CONVERSION = YES;
				CLANG_WARN_DIRECT_OBJC_ISA_USAGE = YES_ERROR;
				CLANG_WARN_EMPTY_BODY = YES;
				CLANG_WARN_ENUM_CONVERSION = YES;
				CLANG_WARN_INT_CONVERSION = YES;
				CLANG_WARN_OBJC_ROOT_CLASS = YES_ERROR;
				CLANG_WARN_UNREACHABLE_CODE = YES;
				CLANG_WARN__DUPLICATE_METHOD_MATCH = YES;
				"CODE_SIGN_IDENTITY[sdk=iphoneos*]" = "iPhone Developer";
				COPY_PHASE_STRIP = NO;
				DEBUG_INFORMATION_FORMAT = "dwarf-with-dsym";
				ENABLE_NS_ASSERTIONS = NO;
				ENABLE_STRICT_OBJC_MSGSEND = YES;
				GCC_C_LANGUAGE_STANDARD = gnu99;
				GCC_NO_COMMON_BLOCKS = YES;
				GCC_WARN_64_TO_32_BIT_CONVERSION = YES;
				GCC_WARN_ABOUT_RETURN_TYPE = YES_ERROR;
				GCC_WARN_UNDECLARED_SELECTOR = YES;
				GCC_WARN_UNINITIALIZED_AUTOS = YES_AGGRESSIVE;
				GCC_WARN_UNUSED_FUNCTION = YES;
				GCC_WARN_UNUSED_VARIABLE = YES;
				IPHONEOS_DEPLOYMENT_TARGET = 8.3;
				MTL_ENABLE_DEBUG_INFO = NO;
				SDKROOT = iphoneos;
				TARGETED_DEVICE_FAMILY = "1,2";
				VALIDATE_PRODUCT = YES;
			};
			name = Release;
		};
		FAF0585F1B31618D008E5592 /* Debug */ = {
			isa = XCBuildConfiguration;
			buildSettings = {
				ASSETCATALOG_COMPILER_APPICON_NAME = AppIcon;
				ASSETCATALOG_COMPILER_LAUNCHIMAGE_NAME = LaunchImage;
				INFOPLIST_FILE = "Example/Supporting Files/Info.plist";
				IPHONEOS_DEPLOYMENT_TARGET = 9.0;
				LD_RUNPATH_SEARCH_PATHS = "$(inherited) @executable_path/Frameworks";
				PRODUCT_BUNDLE_IDENTIFIER = "com.zero.$(PRODUCT_NAME:rfc1034identifier)";
				PRODUCT_NAME = "$(TARGET_NAME)";
			};
			name = Debug;
		};
		FAF058601B31618D008E5592 /* Release */ = {
			isa = XCBuildConfiguration;
			buildSettings = {
				ASSETCATALOG_COMPILER_APPICON_NAME = AppIcon;
				ASSETCATALOG_COMPILER_LAUNCHIMAGE_NAME = LaunchImage;
				INFOPLIST_FILE = "Example/Supporting Files/Info.plist";
				IPHONEOS_DEPLOYMENT_TARGET = 9.0;
				LD_RUNPATH_SEARCH_PATHS = "$(inherited) @executable_path/Frameworks";
				PRODUCT_BUNDLE_IDENTIFIER = "com.zero.$(PRODUCT_NAME:rfc1034identifier)";
				PRODUCT_NAME = "$(TARGET_NAME)";
			};
			name = Release;
		};
		FAF058621B31618D008E5592 /* Debug */ = {
			isa = XCBuildConfiguration;
			buildSettings = {
				BUNDLE_LOADER = "$(TEST_HOST)";
				FRAMEWORK_SEARCH_PATHS = (
					"$(SDKROOT)/Developer/Library/Frameworks",
					"$(inherited)",
				);
				GCC_PREPROCESSOR_DEFINITIONS = (
					"DEBUG=1",
					"$(inherited)",
				);
				INFOPLIST_FILE = "ALCameraViewControllerTests/Supporting Files/Info.plist";
				LD_RUNPATH_SEARCH_PATHS = "$(inherited) @executable_path/Frameworks @loader_path/Frameworks";
				PRODUCT_BUNDLE_IDENTIFIER = "com.zero.$(PRODUCT_NAME:rfc1034identifier)";
				PRODUCT_NAME = "$(TARGET_NAME)";
				TEST_HOST = "$(BUILT_PRODUCTS_DIR)/ALCameraViewController.app/ALCameraViewController";
			};
			name = Debug;
		};
		FAF058631B31618D008E5592 /* Release */ = {
			isa = XCBuildConfiguration;
			buildSettings = {
				BUNDLE_LOADER = "$(TEST_HOST)";
				FRAMEWORK_SEARCH_PATHS = (
					"$(SDKROOT)/Developer/Library/Frameworks",
					"$(inherited)",
				);
				INFOPLIST_FILE = "ALCameraViewControllerTests/Supporting Files/Info.plist";
				LD_RUNPATH_SEARCH_PATHS = "$(inherited) @executable_path/Frameworks @loader_path/Frameworks";
				PRODUCT_BUNDLE_IDENTIFIER = "com.zero.$(PRODUCT_NAME:rfc1034identifier)";
				PRODUCT_NAME = "$(TARGET_NAME)";
				TEST_HOST = "$(BUILT_PRODUCTS_DIR)/ALCameraViewController.app/ALCameraViewController";
			};
			name = Release;
		};
/* End XCBuildConfiguration section */

/* Begin XCConfigurationList section */
		FAF0583A1B31618D008E5592 /* Build configuration list for PBXProject "ALCameraViewController" */ = {
			isa = XCConfigurationList;
			buildConfigurations = (
				FAF0585C1B31618D008E5592 /* Debug */,
				FAF0585D1B31618D008E5592 /* Release */,
			);
			defaultConfigurationIsVisible = 0;
			defaultConfigurationName = Release;
		};
		FAF0585E1B31618D008E5592 /* Build configuration list for PBXNativeTarget "ALCameraViewController" */ = {
			isa = XCConfigurationList;
			buildConfigurations = (
				FAF0585F1B31618D008E5592 /* Debug */,
				FAF058601B31618D008E5592 /* Release */,
			);
			defaultConfigurationIsVisible = 0;
			defaultConfigurationName = Release;
		};
		FAF058611B31618D008E5592 /* Build configuration list for PBXNativeTarget "ALCameraViewControllerTests" */ = {
			isa = XCConfigurationList;
			buildConfigurations = (
				FAF058621B31618D008E5592 /* Debug */,
				FAF058631B31618D008E5592 /* Release */,
			);
			defaultConfigurationIsVisible = 0;
			defaultConfigurationName = Release;
		};
/* End XCConfigurationList section */
	};
	rootObject = FAF058371B31618D008E5592 /* Project object */;
}
